Microsoft Visual Studio Solution File, Format Version 12.00
# Visual Studio 15
VisualStudioVersion = 15.0.27428.2015
MinimumVisualStudioVersion = 10.0.40219.1
Project("{9A19103F-16F7-4668-BE54-9A1E7A4F7556}") = "Inheritance_Task1", "Inheritance_Task1\Inheritance_Task1.csproj", "{32E537BC-2577-4434-BC2F-5113D1FE7E0C}"
EndProject
Project("{FAE04EC0-301F-11D3-BF4B-00C04F79EFBC}") = "Iheritance_Task1Tests", "Iheritance_Task1Tests\Iheritance_Task1Tests.csproj", "{DFF0E43F-17E7-4C1B-B71D-7CC21479303A}"
EndProject
Global
	GlobalSection(SolutionConfigurationPlatforms) = preSolution
		Debug|Any CPU = Debug|Any CPU
		Release|Any CPU = Release|Any CPU
	EndGlobalSection
	GlobalSection(ProjectConfigurationPlatforms) = postSolution
		{32E537BC-2577-4434-BC2F-5113D1FE7E0C}.Debug|Any CPU.ActiveCfg = Debug|Any CPU
		{32E537BC-2577-4434-BC2F-5113D1FE7E0C}.Debug|Any CPU.Build.0 = Debug|Any CPU
		{32E537BC-2577-4434-BC2F-5113D1FE7E0C}.Release|Any CPU.ActiveCfg = Release|Any CPU
		{32E537BC-2577-4434-BC2F-5113D1FE7E0C}.Release|Any CPU.Build.0 = Release|Any CPU
		{DFF0E43F-17E7-4C1B-B71D-7CC21479303A}.Debug|Any CPU.ActiveCfg = Debug|Any CPU
		{DFF0E43F-17E7-4C1B-B71D-7CC21479303A}.Debug|Any CPU.Build.0 = Debug|Any CPU
		{DFF0E43F-17E7-4C1B-B71D-7CC21479303A}.Release|Any CPU.ActiveCfg = Release|Any CPU
		{DFF0E43F-17E7-4C1B-B71D-7CC21479303A}.Release|Any CPU.Build.0 = Release|Any CPU
	EndGlobalSection
	GlobalSection(SolutionProperties) = preSolution
		HideSolutionNode = FALSE
	EndGlobalSection
	GlobalSection(ExtensibilityGlobals) = postSolution
		SolutionGuid = {D53E3641-3C3F-46A1-B021-7C412794E71D}
	EndGlobalSection
EndGlobal
